
Microsoft Visual Studio Solution File, Format Version 12.00
# Visual Studio Version 16
VisualStudioVersion = 16.0.31205.134
MinimumVisualStudioVersion = 10.0.40219.1
Project("{8BC9CEB8-8B4A-11D0-8D11-00A0C91BC942}") = "ReversingNumber(Whileloop)", "ReversingNumber(Whileloop).vcxproj", "{CD84B000-F325-4316-BC6A-9E1D33190B95}"
EndProject
Global
	GlobalSection(SolutionConfigurationPlatforms) = preSolution
		Debug|x64 = Debug|x64
		Debug|x86 = Debug|x86
		Release|x64 = Release|x64
		Release|x86 = Release|x86
	EndGlobalSection
	GlobalSection(ProjectConfigurationPlatforms) = postSolution
		{CD84B000-F325-4316-BC6A-9E1D33190B95}.Debug|x64.ActiveCfg = Debug|x64
		{CD84B000-F325-4316-BC6A-9E1D33190B95}.Debug|x64.Build.0 = Debug|x64
		{CD84B000-F325-4316-BC6A-9E1D33190B95}.Debug|x86.ActiveCfg = Debug|Win32
		{CD84B000-F325-4316-BC6A-9E1D33190B95}.Debug|x86.Build.0 = Debug|Win32
		{CD84B000-F325-4316-BC6A-9E1D33190B95}.Release|x64.ActiveCfg = Release|x64
		{CD84B000-F325-4316-BC6A-9E1D33190B95}.Release|x64.Build.0 = Release|x64
		{CD84B000-F325-4316-BC6A-9E1D33190B95}.Release|x86.ActiveCfg = Release|Win32
		{CD84B000-F325-4316-BC6A-9E1D33190B95}.Release|x86.Build.0 = Release|Win32
	EndGlobalSection
	GlobalSection(SolutionProperties) = preSolution
		HideSolutionNode = FALSE
	EndGlobalSection
	GlobalSection(ExtensibilityGlobals) = postSolution
		SolutionGuid = {49E0B353-C748-4108-A23C-AF5FABA72105}
	EndGlobalSection
EndGlobal
