
Microsoft Visual Studio Solution File, Format Version 12.00
# Visual Studio Version 16
VisualStudioVersion = 16.0.31205.134
MinimumVisualStudioVersion = 10.0.40219.1
Project("{8BC9CEB8-8B4A-11D0-8D11-00A0C91BC942}") = "Factorial(ForLoop)", "Factorial(ForLoop).vcxproj", "{5A7E12A3-4CC5-4E49-9891-5BAA233D6289}"
EndProject
Global
	GlobalSection(SolutionConfigurationPlatforms) = preSolution
		Debug|x64 = Debug|x64
		Debug|x86 = Debug|x86
		Release|x64 = Release|x64
		Release|x86 = Release|x86
	EndGlobalSection
	GlobalSection(ProjectConfigurationPlatforms) = postSolution
		{5A7E12A3-4CC5-4E49-9891-5BAA233D6289}.Debug|x64.ActiveCfg = Debug|x64
		{5A7E12A3-4CC5-4E49-9891-5BAA233D6289}.Debug|x64.Build.0 = Debug|x64
		{5A7E12A3-4CC5-4E49-9891-5BAA233D6289}.Debug|x86.ActiveCfg = Debug|Win32
		{5A7E12A3-4CC5-4E49-9891-5BAA233D6289}.Debug|x86.Build.0 = Debug|Win32
		{5A7E12A3-4CC5-4E49-9891-5BAA233D6289}.Release|x64.ActiveCfg = Release|x64
		{5A7E12A3-4CC5-4E49-9891-5BAA233D6289}.Release|x64.Build.0 = Release|x64
		{5A7E12A3-4CC5-4E49-9891-5BAA233D6289}.Release|x86.ActiveCfg = Release|Win32
		{5A7E12A3-4CC5-4E49-9891-5BAA233D6289}.Release|x86.Build.0 = Release|Win32
	EndGlobalSection
	GlobalSection(SolutionProperties) = preSolution
		HideSolutionNode = FALSE
	EndGlobalSection
	GlobalSection(ExtensibilityGlobals) = postSolution
		SolutionGuid = {091D1C86-E54F-4D19-8C31-8A80E24A3383}
	EndGlobalSection
EndGlobal
